
Microsoft Visual Studio Solution File, Format Version 12.00
# Visual Studio Version 16
VisualStudioVersion = 16.0.34031.81
MinimumVisualStudioVersion = 10.0.40219.1
Project("{2150E333-8FDC-42A3-9474-1A3956D46DE8}") = "Task0", "Task0", "{02F5293E-19CF-4961-8CAE-FA9AA913DFB9}"
EndProject
Project("{FAE04EC0-301F-11D3-BF4B-00C04F79EFBC}") = "Tyuiu.KudryavtsevAV.Sprint0.Task0.V0", "Tyuiu.KudryavtsevAV.Sprint0.Task0.V0\Tyuiu.KudryavtsevAV.Sprint0.Task0.V0.csproj", "{316AC31E-A344-4431-A606-A99EFB9343C5}"
EndProject
Global
	GlobalSection(SolutionConfigurationPlatforms) = preSolution
		Debug|Any CPU = Debug|Any CPU
		Release|Any CPU = Release|Any CPU
	EndGlobalSection
	GlobalSection(ProjectConfigurationPlatforms) = postSolution
		{316AC31E-A344-4431-A606-A99EFB9343C5}.Debug|Any CPU.ActiveCfg = Debug|Any CPU
		{316AC31E-A344-4431-A606-A99EFB9343C5}.Debug|Any CPU.Build.0 = Debug|Any CPU
		{316AC31E-A344-4431-A606-A99EFB9343C5}.Release|Any CPU.ActiveCfg = Release|Any CPU
		{316AC31E-A344-4431-A606-A99EFB9343C5}.Release|Any CPU.Build.0 = Release|Any CPU
	EndGlobalSection
	GlobalSection(SolutionProperties) = preSolution
		HideSolutionNode = FALSE
	EndGlobalSection
	GlobalSection(NestedProjects) = preSolution
		{316AC31E-A344-4431-A606-A99EFB9343C5} = {02F5293E-19CF-4961-8CAE-FA9AA913DFB9}
	EndGlobalSection
	GlobalSection(ExtensibilityGlobals) = postSolution
		SolutionGuid = {4FFA5FBC-D8B7-4304-B945-660A30738BD6}
	EndGlobalSection
EndGlobal
